
Microsoft Visual Studio Solution File, Format Version 12.00
# Visual Studio Version 17
VisualStudioVersion = 17.13.35931.197 d17.13
MinimumVisualStudioVersion = 10.0.40219.1
Project("{FAE04EC0-301F-11D3-BF4B-00C04F79EFBC}") = "Kursovaya", "Kursovaya\Kursovaya.csproj", "{CF194D63-F2AA-4458-A718-08C38C905085}"
EndProject
Global
	GlobalSection(SolutionConfigurationPlatforms) = preSolution
		Debug|Any CPU = Debug|Any CPU
		Release|Any CPU = Release|Any CPU
	EndGlobalSection
	GlobalSection(ProjectConfigurationPlatforms) = postSolution
		{CF194D63-F2AA-4458-A718-08C38C905085}.Debug|Any CPU.ActiveCfg = Debug|Any CPU
		{CF194D63-F2AA-4458-A718-08C38C905085}.Debug|Any CPU.Build.0 = Debug|Any CPU
		{CF194D63-F2AA-4458-A718-08C38C905085}.Release|Any CPU.ActiveCfg = Release|Any CPU
		{CF194D63-F2AA-4458-A718-08C38C905085}.Release|Any CPU.Build.0 = Release|Any CPU
	EndGlobalSection
	GlobalSection(SolutionProperties) = preSolution
		HideSolutionNode = FALSE
	EndGlobalSection
	GlobalSection(ExtensibilityGlobals) = postSolution
		SolutionGuid = {75374337-F526-42C6-A04B-26C7F7DEECBC}
	EndGlobalSection
EndGlobal
